
Microsoft Visual Studio Solution File, Format Version 12.00
# Visual Studio Version 17
VisualStudioVersion = 17.9.34607.119
MinimumVisualStudioVersion = 10.0.40219.1
Project("{FAE04EC0-301F-11D3-BF4B-00C04F79EFBC}") = "3206", "3206\3206.csproj", "{D22190C6-459D-4774-ACEE-D02FE162E9FC}"
EndProject
Global
	GlobalSection(SolutionConfigurationPlatforms) = preSolution
		Debug|Any CPU = Debug|Any CPU
		Release|Any CPU = Release|Any CPU
	EndGlobalSection
	GlobalSection(ProjectConfigurationPlatforms) = postSolution
		{D22190C6-459D-4774-ACEE-D02FE162E9FC}.Debug|Any CPU.ActiveCfg = Debug|Any CPU
		{D22190C6-459D-4774-ACEE-D02FE162E9FC}.Debug|Any CPU.Build.0 = Debug|Any CPU
		{D22190C6-459D-4774-ACEE-D02FE162E9FC}.Release|Any CPU.ActiveCfg = Release|Any CPU
		{D22190C6-459D-4774-ACEE-D02FE162E9FC}.Release|Any CPU.Build.0 = Release|Any CPU
	EndGlobalSection
	GlobalSection(SolutionProperties) = preSolution
		HideSolutionNode = FALSE
	EndGlobalSection
	GlobalSection(ExtensibilityGlobals) = postSolution
		SolutionGuid = {CCF07E52-A333-4530-A2C3-AE3A0EFD228C}
	EndGlobalSection
EndGlobal
